
Microsoft Visual Studio Solution File, Format Version 12.00
# Visual Studio Version 17
VisualStudioVersion = 17.5.33627.172
MinimumVisualStudioVersion = 10.0.40219.1
Project("{FAE04EC0-301F-11D3-BF4B-00C04F79EFBC}") = "Contatos", "Contatos.csproj", "{27D3ACB5-5E81-44E3-BA4E-B6BD99BD1BCC}"
EndProject
Global
	GlobalSection(SolutionConfigurationPlatforms) = preSolution
		Debug|Any CPU = Debug|Any CPU
		Release|Any CPU = Release|Any CPU
	EndGlobalSection
	GlobalSection(ProjectConfigurationPlatforms) = postSolution
		{27D3ACB5-5E81-44E3-BA4E-B6BD99BD1BCC}.Debug|Any CPU.ActiveCfg = Debug|Any CPU
		{27D3ACB5-5E81-44E3-BA4E-B6BD99BD1BCC}.Debug|Any CPU.Build.0 = Debug|Any CPU
		{27D3ACB5-5E81-44E3-BA4E-B6BD99BD1BCC}.Release|Any CPU.ActiveCfg = Release|Any CPU
		{27D3ACB5-5E81-44E3-BA4E-B6BD99BD1BCC}.Release|Any CPU.Build.0 = Release|Any CPU
	EndGlobalSection
	GlobalSection(SolutionProperties) = preSolution
		HideSolutionNode = FALSE
	EndGlobalSection
	GlobalSection(ExtensibilityGlobals) = postSolution
		SolutionGuid = {C5E2BA74-B4AF-490E-8FEF-7CA08F2F3273}
	EndGlobalSection
EndGlobal
